// !$*UTF8*$!
{
	archiveVersion = 1;
	classes = {
	};
	objectVersion = 55;
	objects = {

/* Begin PBXBuildFile section */
		413DE423286A0ACD00CCF8E1 /* AppDelegate.m in Sources */ = {isa = PBXBuildFile; fileRef = 413DE422286A0ACD00CCF8E1 /* AppDelegate.m */; };
		413DE426286A0ACD00CCF8E1 /* SceneDelegate.m in Sources */ = {isa = PBXBuildFile; fileRef = 413DE425286A0ACD00CCF8E1 /* SceneDelegate.m */; };
		413DE429286A0ACD00CCF8E1 /* ViewController.m in Sources */ = {isa = PBXBuildFile; fileRef = 413DE428286A0ACD00CCF8E1 /* ViewController.m */; };
		413DE42C286A0ACD00CCF8E1 /* Main.storyboard in Resources */ = {isa = PBXBuildFile; fileRef = 413DE42A286A0ACD00CCF8E1 /* Main.storyboard */; };
		413DE42E286A0ACE00CCF8E1 /* Assets.xcassets in Resources */ = {isa = PBXBuildFile; fileRef = 413DE42D286A0ACE00CCF8E1 /* Assets.xcassets */; };
		413DE431286A0ACE00CCF8E1 /* LaunchScreen.storyboard in Resources */ = {isa = PBXBuildFile; fileRef = 413DE42F286A0ACE00CCF8E1 /* LaunchScreen.storyboard */; };
		413DE434286A0ACE00CCF8E1 /* main.m in Sources */ = {isa = PBXBuildFile; fileRef = 413DE433286A0ACE00CCF8E1 /* main.m */; };
		413DE43E286A0ACE00CCF8E1 /* ParseChatTests.m in Sources */ = {isa = PBXBuildFile; fileRef = 413DE43D286A0ACE00CCF8E1 /* ParseChatTests.m */; };
		413DE448286A0ACE00CCF8E1 /* ParseChatUITests.m in Sources */ = {isa = PBXBuildFile; fileRef = 413DE447286A0ACE00CCF8E1 /* ParseChatUITests.m */; };
		413DE44A286A0ACE00CCF8E1 /* ParseChatUITestsLaunchTests.m in Sources */ = {isa = PBXBuildFile; fileRef = 413DE449286A0ACE00CCF8E1 /* ParseChatUITestsLaunchTests.m */; };
/* End PBXBuildFile section */

/* Begin PBXContainerItemProxy section */
		413DE43A286A0ACE00CCF8E1 /* PBXContainerItemProxy */ = {
			isa = PBXContainerItemProxy;
			containerPortal = 413DE416286A0ACD00CCF8E1 /* Project object */;
			proxyType = 1;
			remoteGlobalIDString = 413DE41D286A0ACD00CCF8E1;
			remoteInfo = ParseChat;
		};
		413DE444286A0ACE00CCF8E1 /* PBXContainerItemProxy */ = {
			isa = PBXContainerItemProxy;
			containerPortal = 413DE416286A0ACD00CCF8E1 /* Project object */;
			proxyType = 1;
			remoteGlobalIDString = 413DE41D286A0ACD00CCF8E1;
			remoteInfo = ParseChat;
		};
/* End PBXContainerItemProxy section */

/* Begin PBXFileReference section */
		413DE41E286A0ACD00CCF8E1 /* ParseChat.app */ = {isa = PBXFileReference; explicitFileType = wrapper.application; includeInIndex = 0; path = ParseChat.app; sourceTree = BUILT_PRODUCTS_DIR; };
		413DE421286A0ACD00CCF8E1 /* AppDelegate.h */ = {isa = PBXFileReference; lastKnownFileType = sourcecode.c.h; path = AppDelegate.h; sourceTree = "<group>"; };
		413DE422286A0ACD00CCF8E1 /* AppDelegate.m */ = {isa = PBXFileReference; lastKnownFileType = sourcecode.c.objc; path = AppDelegate.m; sourceTree = "<group>"; };
		413DE424286A0ACD00CCF8E1 /* SceneDelegate.h */ = {isa = PBXFileReference; lastKnownFileType = sourcecode.c.h; path = SceneDelegate.h; sourceTree = "<group>"; };
		413DE425286A0ACD00CCF8E1 /* SceneDelegate.m */ = {isa = PBXFileReference; lastKnownFileType = sourcecode.c.objc; path = SceneDelegate.m; sourceTree = "<group>"; };
		413DE427286A0ACD00CCF8E1 /* ViewController.h */ = {isa = PBXFileReference; lastKnownFileType = sourcecode.c.h; path = ViewController.h; sourceTree = "<group>"; };
		413DE428286A0ACD00CCF8E1 /* ViewController.m */ = {isa = PBXFileReference; lastKnownFileType = sourcecode.c.objc; path = ViewController.m; sourceTree = "<group>"; };
		413DE42B286A0ACD00CCF8E1 /* Base */ = {isa = PBXFileReference; lastKnownFileType = file.storyboard; name = Base; path = Base.lproj/Main.storyboard; sourceTree = "<group>"; };
		413DE42D286A0ACE00CCF8E1 /* Assets.xcassets */ = {isa = PBXFileReference; lastKnownFileType = folder.assetcatalog; path = Assets.xcassets; sourceTree = "<group>"; };
		413DE430286A0ACE00CCF8E1 /* Base */ = {isa = PBXFileReference; lastKnownFileType = file.storyboard; name = Base; path = Base.lproj/LaunchScreen.storyboard; sourceTree = "<group>"; };
		413DE432286A0ACE00CCF8E1 /* Info.plist */ = {isa = PBXFileReference; lastKnownFileType = text.plist.xml; path = Info.plist; sourceTree = "<group>"; };
		413DE433286A0ACE00CCF8E1 /* main.m */ = {isa = PBXFileReference; lastKnownFileType = sourcecode.c.objc; path = main.m; sourceTree = "<group>"; };
		413DE439286A0ACE00CCF8E1 /* ParseChatTests.xctest */ = {isa = PBXFileReference; explicitFileType = wrapper.cfbundle; includeInIndex = 0; path = ParseChatTests.xctest; sourceTree = BUILT_PRODUCTS_DIR; };
		413DE43D286A0ACE00CCF8E1 /* ParseChatTests.m */ = {isa = PBXFileReference; lastKnownFileType = sourcecode.c.objc; path = ParseChatTests.m; sourceTree = "<group>"; };
		413DE443286A0ACE00CCF8E1 /* ParseChatUITests.xctest */ = {isa = PBXFileReference; explicitFileType = wrapper.cfbundle; includeInIndex = 0; path = ParseChatUITests.xctest; sourceTree = BUILT_PRODUCTS_DIR; };
		413DE447286A0ACE00CCF8E1 /* ParseChatUITests.m */ = {isa = PBXFileReference; lastKnownFileType = sourcecode.c.objc; path = ParseChatUITests.m; sourceTree = "<group>"; };
		413DE449286A0ACE00CCF8E1 /* ParseChatUITestsLaunchTests.m */ = {isa = PBXFileReference; lastKnownFileType = sourcecode.c.objc; path = ParseChatUITestsLaunchTests.m; sourceTree = "<group>"; };
/* End PBXFileReference section */

/* Begin PBXFrameworksBuildPhase section */
		413DE41B286A0ACD00CCF8E1 /* Frameworks */ = {
			isa = PBXFrameworksBuildPhase;
			buildActionMask = 2147483647;
			files = (
			);
			runOnlyForDeploymentPostprocessing = 0;
		};
		413DE436286A0ACE00CCF8E1 /* Frameworks */ = {
			isa = PBXFrameworksBuildPhase;
			buildActionMask = 2147483647;
			files = (
			);
			runOnlyForDeploymentPostprocessing = 0;
		};
		413DE440286A0ACE00CCF8E1 /* Frameworks */ = {
			isa = PBXFrameworksBuildPhase;
			buildActionMask = 2147483647;
			files = (
			);
			runOnlyForDeploymentPostprocessing = 0;
		};
/* End PBXFrameworksBuildPhase section */

/* Begin PBXGroup section */
		413DE415286A0ACD00CCF8E1 = {
			isa = PBXGroup;
			children = (
				413DE420286A0ACD00CCF8E1 /* ParseChat */,
				413DE43C286A0ACE00CCF8E1 /* ParseChatTests */,
				413DE446286A0ACE00CCF8E1 /* ParseChatUITests */,
				413DE41F286A0ACD00CCF8E1 /* Products */,
			);
			sourceTree = "<group>";
		};
		413DE41F286A0ACD00CCF8E1 /* Products */ = {
			isa = PBXGroup;
			children = (
				413DE41E286A0ACD00CCF8E1 /* ParseChat.app */,
				413DE439286A0ACE00CCF8E1 /* ParseChatTests.xctest */,
				413DE443286A0ACE00CCF8E1 /* ParseChatUITests.xctest */,
			);
			name = Products;
			sourceTree = "<group>";
		};
		413DE420286A0ACD00CCF8E1 /* ParseChat */ = {
			isa = PBXGroup;
			children = (
				413DE421286A0ACD00CCF8E1 /* AppDelegate.h */,
				413DE422286A0ACD00CCF8E1 /* AppDelegate.m */,
				413DE424286A0ACD00CCF8E1 /* SceneDelegate.h */,
				413DE425286A0ACD00CCF8E1 /* SceneDelegate.m */,
				413DE427286A0ACD00CCF8E1 /* ViewController.h */,
				413DE428286A0ACD00CCF8E1 /* ViewController.m */,
				413DE42A286A0ACD00CCF8E1 /* Main.storyboard */,
				413DE42D286A0ACE00CCF8E1 /* Assets.xcassets */,
				413DE42F286A0ACE00CCF8E1 /* LaunchScreen.storyboard */,
				413DE432286A0ACE00CCF8E1 /* Info.plist */,
				413DE433286A0ACE00CCF8E1 /* main.m */,
			);
			path = ParseChat;
			sourceTree = "<group>";
		};
		413DE43C286A0ACE00CCF8E1 /* ParseChatTests */ = {
			isa = PBXGroup;
			children = (
				413DE43D286A0ACE00CCF8E1 /* ParseChatTests.m */,
			);
			path = ParseChatTests;
			sourceTree = "<group>";
		};
		413DE446286A0ACE00CCF8E1 /* ParseChatUITests */ = {
			isa = PBXGroup;
			children = (
				413DE447286A0ACE00CCF8E1 /* ParseChatUITests.m */,
				413DE449286A0ACE00CCF8E1 /* ParseChatUITestsLaunchTests.m */,
			);
			path = ParseChatUITests;
			sourceTree = "<group>";
		};
/* End PBXGroup section */

/* Begin PBXNativeTarget section */
		413DE41D286A0ACD00CCF8E1 /* ParseChat */ = {
			isa = PBXNativeTarget;
			buildConfigurationList = 413DE44D286A0ACE00CCF8E1 /* Build configuration list for PBXNativeTarget "ParseChat" */;
			buildPhases = (
				413DE41A286A0ACD00CCF8E1 /* Sources */,
				413DE41B286A0ACD00CCF8E1 /* Frameworks */,
				413DE41C286A0ACD00CCF8E1 /* Resources */,
			);
			buildRules = (
			);
			dependencies = (
			);
			name = ParseChat;
			productName = ParseChat;
			productReference = 413DE41E286A0ACD00CCF8E1 /* ParseChat.app */;
			productType = "com.apple.product-type.application";
		};
		413DE438286A0ACE00CCF8E1 /* ParseChatTests */ = {
			isa = PBXNativeTarget;
			buildConfigurationList = 413DE450286A0ACE00CCF8E1 /* Build configuration list for PBXNativeTarget "ParseChatTests" */;
			buildPhases = (
				413DE435286A0ACE00CCF8E1 /* Sources */,
				413DE436286A0ACE00CCF8E1 /* Frameworks */,
				413DE437286A0ACE00CCF8E1 /* Resources */,
			);
			buildRules = (
			);
			dependencies = (
				413DE43B286A0ACE00CCF8E1 /* PBXTargetDependency */,
			);
			name = ParseChatTests;
			productName = ParseChatTests;
			productReference = 413DE439286A0ACE00CCF8E1 /* ParseChatTests.xctest */;
			productType = "com.apple.product-type.bundle.unit-test";
		};
		413DE442286A0ACE00CCF8E1 /* ParseChatUITests */ = {
			isa = PBXNativeTarget;
			buildConfigurationList = 413DE453286A0ACE00CCF8E1 /* Build configuration list for PBXNativeTarget "ParseChatUITests" */;
			buildPhases = (
				413DE43F286A0ACE00CCF8E1 /* Sources */,
				413DE440286A0ACE00CCF8E1 /* Frameworks */,
				413DE441286A0ACE00CCF8E1 /* Resources */,
			);
			buildRules = (
			);
			dependencies = (
				413DE445286A0ACE00CCF8E1 /* PBXTargetDependency */,
			);
			name = ParseChatUITests;
			productName = ParseChatUITests;
			productReference = 413DE443286A0ACE00CCF8E1 /* ParseChatUITests.xctest */;
			productType = "com.apple.product-type.bundle.ui-testing";
		};
/* End PBXNativeTarget section */

/* Begin PBXProject section */
		413DE416286A0ACD00CCF8E1 /* Project object */ = {
			isa = PBXProject;
			attributes = {
				BuildIndependentTargetsInParallel = 1;
				LastUpgradeCheck = 1340;
				TargetAttributes = {
					413DE41D286A0ACD00CCF8E1 = {
						CreatedOnToolsVersion = 13.4.1;
					};
					413DE438286A0ACE00CCF8E1 = {
						CreatedOnToolsVersion = 13.4.1;
						TestTargetID = 413DE41D286A0ACD00CCF8E1;
					};
					413DE442286A0ACE00CCF8E1 = {
						CreatedOnToolsVersion = 13.4.1;
						TestTargetID = 413DE41D286A0ACD00CCF8E1;
					};
				};
			};
			buildConfigurationList = 413DE419286A0ACD00CCF8E1 /* Build configuration list for PBXProject "ParseChat" */;
			compatibilityVersion = "Xcode 13.0";
			developmentRegion = en;
			hasScannedForEncodings = 0;
			knownRegions = (
				en,
				Base,
			);
			mainGroup = 413DE415286A0ACD00CCF8E1;
			productRefGroup = 413DE41F286A0ACD00CCF8E1 /* Products */;
			projectDirPath = "";
			projectRoot = "";
			targets = (
				413DE41D286A0ACD00CCF8E1 /* ParseChat */,
				413DE438286A0ACE00CCF8E1 /* ParseChatTests */,
				413DE442286A0ACE00CCF8E1 /* ParseChatUITests */,
			);
		};
/* End PBXProject section */

/* Begin PBXResourcesBuildPhase section */
		413DE41C286A0ACD00CCF8E1 /* Resources */ = {
			isa = PBXResourcesBuildPhase;
			buildActionMask = 2147483647;
			files = (
				413DE431286A0ACE00CCF8E1 /* LaunchScreen.storyboard in Resources */,
				413DE42E286A0ACE00CCF8E1 /* Assets.xcassets in Resources */,
				413DE42C286A0ACD00CCF8E1 /* Main.storyboard in Resources */,
			);
			runOnlyForDeploymentPostprocessing = 0;
		};
		413DE437286A0ACE00CCF8E1 /* Resources */ = {
			isa = PBXResourcesBuildPhase;
			buildActionMask = 2147483647;
			files = (
			);
			runOnlyForDeploymentPostprocessing = 0;
		};
		413DE441286A0ACE00CCF8E1 /* Resources */ = {
			isa = PBXResourcesBuildPhase;
			buildActionMask = 2147483647;
			files = (
			);
			runOnlyForDeploymentPostprocessing = 0;
		};
/* End PBXResourcesBuildPhase section */

/* Begin PBXSourcesBuildPhase section */
		413DE41A286A0ACD00CCF8E1 /* Sources */ = {
			isa = PBXSourcesBuildPhase;
			buildActionMask = 2147483647;
			files = (
				413DE429286A0ACD00CCF8E1 /* ViewController.m in Sources */,
				413DE423286A0ACD00CCF8E1 /* AppDelegate.m in Sources */,
				413DE434286A0ACE00CCF8E1 /* main.m in Sources */,
				413DE426286A0ACD00CCF8E1 /* SceneDelegate.m in Sources */,
			);
			runOnlyForDeploymentPostprocessing = 0;
		};
		413DE435286A0ACE00CCF8E1 /* Sources */ = {
			isa = PBXSourcesBuildPhase;
			buildActionMask = 2147483647;
			files = (
				413DE43E286A0ACE00CCF8E1 /* ParseChatTests.m in Sources */,
			);
			runOnlyForDeploymentPostprocessing = 0;
		};
		413DE43F286A0ACE00CCF8E1 /* Sources */ = {
			isa = PBXSourcesBuildPhase;
			buildActionMask = 2147483647;
			files = (
				413DE44A286A0ACE00CCF8E1 /* ParseChatUITestsLaunchTests.m in Sources */,
				413DE448286A0ACE00CCF8E1 /* ParseChatUITests.m in Sources */,
			);
			runOnlyForDeploymentPostprocessing = 0;
		};
/* End PBXSourcesBuildPhase section */

/* Begin PBXTargetDependency section */
		413DE43B286A0ACE00CCF8E1 /* PBXTargetDependency */ = {
			isa = PBXTargetDependency;
			target = 413DE41D286A0ACD00CCF8E1 /* ParseChat */;
			targetProxy = 413DE43A286A0ACE00CCF8E1 /* PBXContainerItemProxy */;
		};
		413DE445286A0ACE00CCF8E1 /* PBXTargetDependency */ = {
			isa = PBXTargetDependency;
			target = 413DE41D286A0ACD00CCF8E1 /* ParseChat */;
			targetProxy = 413DE444286A0ACE00CCF8E1 /* PBXContainerItemProxy */;
		};
/* End PBXTargetDependency section */

/* Begin PBXVariantGroup section */
		413DE42A286A0ACD00CCF8E1 /* Main.storyboard */ = {
			isa = PBXVariantGroup;
			children = (
				413DE42B286A0ACD00CCF8E1 /* Base */,
			);
			name = Main.storyboard;
			sourceTree = "<group>";
		};
		413DE42F286A0ACE00CCF8E1 /* LaunchScreen.storyboard */ = {
			isa = PBXVariantGroup;
			children = (
				413DE430286A0ACE00CCF8E1 /* Base */,
			);
			name = LaunchScreen.storyboard;
			sourceTree = "<group>";
		};
/* End PBXVariantGroup section */

/* Begin XCBuildConfiguration section */
		413DE44B286A0ACE00CCF8E1 /* Debug */ = {
			isa = XCBuildConfiguration;
			buildSettings = {
				ALWAYS_SEARCH_USER_PATHS = NO;
				CLANG_ANALYZER_NONNULL = YES;
				CLANG_ANALYZER_NUMBER_OBJECT_CONVERSION = YES_AGGRESSIVE;
				CLANG_CXX_LANGUAGE_STANDARD = "gnu++17";
				CLANG_ENABLE_MODULES = YES;
				CLANG_ENABLE_OBJC_ARC = YES;
				CLANG_ENABLE_OBJC_WEAK = YES;
				CLANG_WARN_BLOCK_CAPTURE_AUTORELEASING = YES;
				CLANG_WARN_BOOL_CONVERSION = YES;
				CLANG_WARN_COMMA = YES;
				CLANG_WARN_CONSTANT_CONVERSION = YES;
				CLANG_WARN_DEPRECATED_OBJC_IMPLEMENTATIONS = YES;
				CLANG_WARN_DIRECT_OBJC_ISA_USAGE = YES_ERROR;
				CLANG_WARN_DOCUMENTATION_COMMENTS = YES;
				CLANG_WARN_EMPTY_BODY = YES;
				CLANG_WARN_ENUM_CONVERSION = YES;
				CLANG_WARN_INFINITE_RECURSION = YES;
				CLANG_WARN_INT_CONVERSION = YES;
				CLANG_WARN_NON_LITERAL_NULL_CONVERSION = YES;
				CLANG_WARN_OBJC_IMPLICIT_RETAIN_SELF = YES;
				CLANG_WARN_OBJC_LITERAL_CONVERSION = YES;
				CLANG_WARN_OBJC_ROOT_CLASS = YES_ERROR;
				CLANG_WARN_QUOTED_INCLUDE_IN_FRAMEWORK_HEADER = YES;
				CLANG_WARN_RANGE_LOOP_ANALYSIS = YES;
				CLANG_WARN_STRICT_PROTOTYPES = YES;
				CLANG_WARN_SUSPICIOUS_MOVE = YES;
				CLANG_WARN_UNGUARDED_AVAILABILITY = YES_AGGRESSIVE;
				CLANG_WARN_UNREACHABLE_CODE = YES;
				CLANG_WARN__DUPLICATE_METHOD_MATCH = YES;
				COPY_PHASE_STRIP = NO;
				DEBUG_INFORMATION_FORMAT = dwarf;
				ENABLE_STRICT_OBJC_MSGSEND = YES;
				ENABLE_TESTABILITY = YES;
				GCC_C_LANGUAGE_STANDARD = gnu11;
				GCC_DYNAMIC_NO_PIC = NO;
				GCC_NO_COMMON_BLOCKS = YES;
				GCC_OPTIMIZATION_LEVEL = 0;
				GCC_PREPROCESSOR_DEFINITIONS = (
					"DEBUG=1",
					"$(inherited)",
				);
				GCC_WARN_64_TO_32_BIT_CONVERSION = YES;
				GCC_WARN_ABOUT_RETURN_TYPE = YES_ERROR;
				GCC_WARN_UNDECLARED_SELECTOR = YES;
				GCC_WARN_UNINITIALIZED_AUTOS = YES_AGGRESSIVE;
				GCC_WARN_UNUSED_FUNCTION = YES;
				GCC_WARN_UNUSED_VARIABLE = YES;
				IPHONEOS_DEPLOYMENT_TARGET = 15.5;
				MTL_ENABLE_DEBUG_INFO = INCLUDE_SOURCE;
				MTL_FAST_MATH = YES;
				ONLY_ACTIVE_ARCH = YES;
				SDKROOT = iphoneos;
			};
			name = Debug;
		};
		413DE44C286A0ACE00CCF8E1 /* Release */ = {
			isa = XCBuildConfiguration;
			buildSettings = {
				ALWAYS_SEARCH_USER_PATHS = NO;
				CLANG_ANALYZER_NONNULL = YES;
				CLANG_ANALYZER_NUMBER_OBJECT_CONVERSION = YES_AGGRESSIVE;
				CLANG_CXX_LANGUAGE_STANDARD = "gnu++17";
				CLANG_ENABLE_MODULES = YES;
				CLANG_ENABLE_OBJC_ARC = YES;
				CLANG_ENABLE_OBJC_WEAK = YES;
				CLANG_WARN_BLOCK_CAPTURE_AUTORELEASING = YES;
				CLANG_WARN_BOOL_CONVERSION = YES;
				CLANG_WARN_COMMA = YES;
				CLANG_WARN_CONSTANT_CONVERSION = YES;
				CLANG_WARN_DEPRECATED_OBJC_IMPLEMENTATIONS = YES;
				CLANG_WARN_DIRECT_OBJC_ISA_USAGE = YES_ERROR;
				CLANG_WARN_DOCUMENTATION_COMMENTS = YES;
				CLANG_WARN_EMPTY_BODY = YES;
				CLANG_WARN_ENUM_CONVERSION = YES;
				CLANG_WARN_INFINITE_RECURSION = YES;
				CLANG_WARN_INT_CONVERSION = YES;
				CLANG_WARN_NON_LITERAL_NULL_CONVERSION = YES;
				CLANG_WARN_OBJC_IMPLICIT_RETAIN_SELF = YES;
				CLANG_WARN_OBJC_LITERAL_CONVERSION = YES;
				CLANG_WARN_OBJC_ROOT_CLASS = YES_ERROR;
				CLANG_WARN_QUOTED_INCLUDE_IN_FRAMEWORK_HEADER = YES;
				CLANG_WARN_RANGE_LOOP_ANALYSIS = YES;
				CLANG_WARN_STRICT_PROTOTYPES = YES;
				CLANG_WARN_SUSPICIOUS_MOVE = YES;
				CLANG_WARN_UNGUARDED_AVAILABILITY = YES_AGGRESSIVE;
				CLANG_WARN_UNREACHABLE_CODE = YES;
				CLANG_WARN__DUPLICATE_METHOD_MATCH = YES;
				COPY_PHASE_STRIP = NO;
				DEBUG_INFORMATION_FORMAT = "dwarf-with-dsym";
				ENABLE_NS_ASSERTIONS = NO;
				ENABLE_STRICT_OBJC_MSGSEND = YES;
				GCC_C_LANGUAGE_STANDARD = gnu11;
				GCC_NO_COMMON_BLOCKS = YES;
				GCC_WARN_64_TO_32_BIT_CONVERSION = YES;
				GCC_WARN_ABOUT_RETURN_TYPE = YES_ERROR;
				GCC_WARN_UNDECLARED_SELECTOR = YES;
				GCC_WARN_UNINITIALIZED_AUTOS = YES_AGGRESSIVE;
				GCC_WARN_UNUSED_FUNCTION = YES;
				GCC_WARN_UNUSED_VARIABLE = YES;
				IPHONEOS_DEPLOYMENT_TARGET = 15.5;
				MTL_ENABLE_DEBUG_INFO = NO;
				MTL_FAST_MATH = YES;
				SDKROOT = iphoneos;
				VALIDATE_PRODUCT = YES;
			};
			name = Release;
		};
		413DE44E286A0ACE00CCF8E1 /* Debug */ = {
			isa = XCBuildConfiguration;
			buildSettings = {
				ASSETCATALOG_COMPILER_APPICON_NAME = AppIcon;
				ASSETCATALOG_COMPILER_GLOBAL_ACCENT_COLOR_NAME = AccentColor;
				CODE_SIGN_STYLE = Automatic;
				CURRENT_PROJECT_VERSION = 1;
				GENERATE_INFOPLIST_FILE = YES;
				INFOPLIST_FILE = ParseChat/Info.plist;
				INFOPLIST_KEY_UIApplicationSupportsIndirectInputEvents = YES;
				INFOPLIST_KEY_UILaunchStoryboardName = LaunchScreen;
				INFOPLIST_KEY_UIMainStoryboardFile = Main;
				INFOPLIST_KEY_UISupportedInterfaceOrientations_iPad = "UIInterfaceOrientationPortrait UIInterfaceOrientationPortraitUpsideDown UIInterfaceOrientationLandscapeLeft UIInterfaceOrientationLandscapeRight";
				INFOPLIST_KEY_UISupportedInterfaceOrientations_iPhone = "UIInterfaceOrientationPortrait UIInterfaceOrientationLandscapeLeft UIInterfaceOrientationLandscapeRight";
				LD_RUNPATH_SEARCH_PATHS = (
					"$(inherited)",
					"@executable_path/Frameworks",
				);
				MARKETING_VERSION = 1.0;
				PRODUCT_BUNDLE_IDENTIFIER = com.codepath.ParseChat;
				PRODUCT_NAME = "$(TARGET_NAME)";
				SWIFT_EMIT_LOC_STRINGS = YES;
				TARGETED_DEVICE_FAMILY = "1,2";
			};
			name = Debug;
		};
		413DE44F286A0ACE00CCF8E1 /* Release */ = {
			isa = XCBuildConfiguration;
			buildSettings = {
				ASSETCATALOG_COMPILER_APPICON_NAME = AppIcon;
				ASSETCATALOG_COMPILER_GLOBAL_ACCENT_COLOR_NAME = AccentColor;
				CODE_SIGN_STYLE = Automatic;
				CURRENT_PROJECT_VERSION = 1;
				GENERATE_INFOPLIST_FILE = YES;
				INFOPLIST_FILE = ParseChat/Info.plist;
				INFOPLIST_KEY_UIApplicationSupportsIndirectInputEvents = YES;
				INFOPLIST_KEY_UILaunchStoryboardName = LaunchScreen;
				INFOPLIST_KEY_UIMainStoryboardFile = Main;
				INFOPLIST_KEY_UISupportedInterfaceOrientations_iPad = "UIInterfaceOrientationPortrait UIInterfaceOrientationPortraitUpsideDown UIInterfaceOrientationLandscapeLeft UIInterfaceOrientationLandscapeRight";
				INFOPLIST_KEY_UISupportedInterfaceOrientations_iPhone = "UIInterfaceOrientationPortrait UIInterfaceOrientationLandscapeLeft UIInterfaceOrientationLandscapeRight";
				LD_RUNPATH_SEARCH_PATHS = (
					"$(inherited)",
					"@executable_path/Frameworks",
				);
				MARKETING_VERSION = 1.0;
				PRODUCT_BUNDLE_IDENTIFIER = com.codepath.ParseChat;
				PRODUCT_NAME = "$(TARGET_NAME)";
				SWIFT_EMIT_LOC_STRINGS = YES;
				TARGETED_DEVICE_FAMILY = "1,2";
			};
			name = Release;
		};
		413DE451286A0ACE00CCF8E1 /* Debug */ = {
			isa = XCBuildConfiguration;
			buildSettings = {
				BUNDLE_LOADER = "$(TEST_HOST)";
				CODE_SIGN_STYLE = Automatic;
				CURRENT_PROJECT_VERSION = 1;
				GENERATE_INFOPLIST_FILE = YES;
				IPHONEOS_DEPLOYMENT_TARGET = 15.5;
				MARKETING_VERSION = 1.0;
				PRODUCT_BUNDLE_IDENTIFIER = com.codepath.ParseChatTests;
				PRODUCT_NAME = "$(TARGET_NAME)";
				SWIFT_EMIT_LOC_STRINGS = NO;
				TARGETED_DEVICE_FAMILY = "1,2";
				TEST_HOST = "$(BUILT_PRODUCTS_DIR)/ParseChat.app/ParseChat";
			};
			name = Debug;
		};
		413DE452286A0ACE00CCF8E1 /* Release */ = {
			isa = XCBuildConfiguration;
			buildSettings = {
				BUNDLE_LOADER = "$(TEST_HOST)";
				CODE_SIGN_STYLE = Automatic;
				CURRENT_PROJECT_VERSION = 1;
				GENERATE_INFOPLIST_FILE = YES;
				IPHONEOS_DEPLOYMENT_TARGET = 15.5;
				MARKETING_VERSION = 1.0;
				PRODUCT_BUNDLE_IDENTIFIER = com.codepath.ParseChatTests;
				PRODUCT_NAME = "$(TARGET_NAME)";
				SWIFT_EMIT_LOC_STRINGS = NO;
				TARGETED_DEVICE_FAMILY = "1,2";
				TEST_HOST = "$(BUILT_PRODUCTS_DIR)/ParseChat.app/ParseChat";
			};
			name = Release;
		};
		413DE454286A0ACE00CCF8E1 /* Debug */ = {
			isa = XCBuildConfiguration;
			buildSettings = {
				CODE_SIGN_STYLE = Automatic;
				CURRENT_PROJECT_VERSION = 1;
				GENERATE_INFOPLIST_FILE = YES;
				MARKETING_VERSION = 1.0;
				PRODUCT_BUNDLE_IDENTIFIER = com.codepath.ParseChatUITests;
				PRODUCT_NAME = "$(TARGET_NAME)";
				SWIFT_EMIT_LOC_STRINGS = NO;
				TARGETED_DEVICE_FAMILY = "1,2";
				TEST_TARGET_NAME = ParseChat;
			};
			name = Debug;
		};
		413DE455286A0ACE00CCF8E1 /* Release */ = {
			isa = XCBuildConfiguration;
			buildSettings = {
				CODE_SIGN_STYLE = Automatic;
				CURRENT_PROJECT_VERSION = 1;
				GENERATE_INFOPLIST_FILE = YES;
				MARKETING_VERSION = 1.0;
				PRODUCT_BUNDLE_IDENTIFIER = com.codepath.ParseChatUITests;
				PRODUCT_NAME = "$(TARGET_NAME)";
				SWIFT_EMIT_LOC_STRINGS = NO;
				TARGETED_DEVICE_FAMILY = "1,2";
				TEST_TARGET_NAME = ParseChat;
			};
			name = Release;
		};
/* End XCBuildConfiguration section */

/* Begin XCConfigurationList section */
		413DE419286A0ACD00CCF8E1 /* Build configuration list for PBXProject "ParseChat" */ = {
			isa = XCConfigurationList;
			buildConfigurations = (
				413DE44B286A0ACE00CCF8E1 /* Debug */,
				413DE44C286A0ACE00CCF8E1 /* Release */,
			);
			defaultConfigurationIsVisible = 0;
			defaultConfigurationName = Release;
		};
		413DE44D286A0ACE00CCF8E1 /* Build configuration list for PBXNativeTarget "ParseChat" */ = {
			isa = XCConfigurationList;
			buildConfigurations = (
				413DE44E286A0ACE00CCF8E1 /* Debug */,
				413DE44F286A0ACE00CCF8E1 /* Release */,
			);
			defaultConfigurationIsVisible = 0;
			defaultConfigurationName = Release;
		};
		413DE450286A0ACE00CCF8E1 /* Build configuration list for PBXNativeTarget "ParseChatTests" */ = {
			isa = XCConfigurationList;
			buildConfigurations = (
				413DE451286A0ACE00CCF8E1 /* Debug */,
				413DE452286A0ACE00CCF8E1 /* Release */,
			);
			defaultConfigurationIsVisible = 0;
			defaultConfigurationName = Release;
		};
		413DE453286A0ACE00CCF8E1 /* Build configuration list for PBXNativeTarget "ParseChatUITests" */ = {
			isa = XCConfigurationList;
			buildConfigurations = (
				413DE454286A0ACE00CCF8E1 /* Debug */,
				413DE455286A0ACE00CCF8E1 /* Release */,
			);
			defaultConfigurationIsVisible = 0;
			defaultConfigurationName = Release;
		};
/* End XCConfigurationList section */
	};
	rootObject = 413DE416286A0ACD00CCF8E1 /* Project object */;
}
